
Microsoft Visual Studio Solution File, Format Version 12.00
# Visual Studio Version 17
VisualStudioVersion = 17.0.31912.275
MinimumVisualStudioVersion = 10.0.40219.1
Project("{9A19103F-16F7-4668-BE54-9A1E7A4F7556}") = "TagManager.ConsoleApp", "TagManager.ConsoleApp\TagManager.ConsoleApp.csproj", "{3EC46B60-8AC0-408F-A932-2D96AEEAB3F7}"
	ProjectSection(ProjectDependencies) = postProject
		{55617FB4-1EF9-4EF5-8B14-4656F3B58D88} = {55617FB4-1EF9-4EF5-8B14-4656F3B58D88}
	EndProjectSection
EndProject
Project("{9A19103F-16F7-4668-BE54-9A1E7A4F7556}") = "App.Fantastic3DManager", "Fantastic3D.WPFApp\App.Fantastic3DManager.csproj", "{86F11AB5-EF17-4CC4-A927-5EC7623DDDFF}"
	ProjectSection(ProjectDependencies) = postProject
		{55617FB4-1EF9-4EF5-8B14-4656F3B58D88} = {55617FB4-1EF9-4EF5-8B14-4656F3B58D88}
	EndProjectSection
EndProject
Project("{9A19103F-16F7-4668-BE54-9A1E7A4F7556}") = "Fantastic3D.Persistence", "Persistence\Fantastic3D.Persistence.csproj", "{55617FB4-1EF9-4EF5-8B14-4656F3B58D88}"
EndProject
Project("{2150E333-8FDC-42A3-9474-1A3956D46DE8}") = "Data", "Data", "{EBD0BA32-40F8-43D8-9165-F5FDD8AC9A64}"
EndProject
Project("{2150E333-8FDC-42A3-9474-1A3956D46DE8}") = "Pictures", "Pictures", "{82DC27B9-2462-4051-AC64-064DFFB1B966}"
	ProjectSection(SolutionItems) = preProject
		Fantastic3D.WPFApp\atlantic-puffin-2.jpg = Fantastic3D.WPFApp\atlantic-puffin-2.jpg
	EndProjectSection
EndProject
Project("{2150E333-8FDC-42A3-9474-1A3956D46DE8}") = "3DModels", "3DModels", "{EB77CF71-E249-476A-A109-7154463CA7B9}"
EndProject
Project("{9A19103F-16F7-4668-BE54-9A1E7A4F7556}") = "Fantastic3D.Dto", "Fantastic3D.Dto\Fantastic3D.Dto.csproj", "{1FB1F830-2290-4660-9DBD-ACD7B8343771}"
EndProject
Project("{9A19103F-16F7-4668-BE54-9A1E7A4F7556}") = "Fantastic3D.AppModels", "Fantastic3D.AppModels\Fantastic3D.AppModels.csproj", "{67989EB3-939C-40AF-A2FB-9B1C25532ED8}"
EndProject
Project("{9A19103F-16F7-4668-BE54-9A1E7A4F7556}") = "Fantastic3D.API", "Fantastic3D.API\Fantastic3D.API.csproj", "{7EDA3857-A654-4DB0-9384-F4C2B7D24741}"
EndProject
Project("{9A19103F-16F7-4668-BE54-9A1E7A4F7556}") = "Fantastic3D.DataManager", "Fantastic3D.DataManager\Fantastic3D.DataManager.csproj", "{03D09C19-F00B-4BEE-B7DE-D5F55EBF5002}"
EndProject
Project("{9A19103F-16F7-4668-BE54-9A1E7A4F7556}") = "ConsoleApp.DataChecker", "ConsoleApps\DataChecker\ConsoleApp.DataChecker.csproj", "{F749E13A-F694-4989-B7D3-3915A35DE84E}"
EndProject
Project("{2150E333-8FDC-42A3-9474-1A3956D46DE8}") = "Tests", "Tests", "{FF03E159-5B46-4C08-9D69-A4AD36DE6913}"
EndProject
Project("{9A19103F-16F7-4668-BE54-9A1E7A4F7556}") = "Tests.Benchmark.API", "Tests\Tests.API\Tests.Benchmark.API.csproj", "{45D618DF-9D2B-4661-93A9-92A5928CC860}"
EndProject
Project("{9A19103F-16F7-4668-BE54-9A1E7A4F7556}") = "Tests.GUI", "Tests\Tests.GUI\Tests.GUI.csproj", "{8893BD69-094F-47DB-AD96-8D757D9DD5C9}"
EndProject
Global
	GlobalSection(SolutionConfigurationPlatforms) = preSolution
		Debug|Any CPU = Debug|Any CPU
		Release|Any CPU = Release|Any CPU
	EndGlobalSection
	GlobalSection(ProjectConfigurationPlatforms) = postSolution
		{3EC46B60-8AC0-408F-A932-2D96AEEAB3F7}.Debug|Any CPU.ActiveCfg = Debug|Any CPU
		{3EC46B60-8AC0-408F-A932-2D96AEEAB3F7}.Debug|Any CPU.Build.0 = Debug|Any CPU
		{3EC46B60-8AC0-408F-A932-2D96AEEAB3F7}.Release|Any CPU.ActiveCfg = Release|Any CPU
		{3EC46B60-8AC0-408F-A932-2D96AEEAB3F7}.Release|Any CPU.Build.0 = Release|Any CPU
		{86F11AB5-EF17-4CC4-A927-5EC7623DDDFF}.Debug|Any CPU.ActiveCfg = Debug|Any CPU
		{86F11AB5-EF17-4CC4-A927-5EC7623DDDFF}.Debug|Any CPU.Build.0 = Debug|Any CPU
		{86F11AB5-EF17-4CC4-A927-5EC7623DDDFF}.Release|Any CPU.ActiveCfg = Release|Any CPU
		{86F11AB5-EF17-4CC4-A927-5EC7623DDDFF}.Release|Any CPU.Build.0 = Release|Any CPU
		{55617FB4-1EF9-4EF5-8B14-4656F3B58D88}.Debug|Any CPU.ActiveCfg = Debug|Any CPU
		{55617FB4-1EF9-4EF5-8B14-4656F3B58D88}.Debug|Any CPU.Build.0 = Debug|Any CPU
		{55617FB4-1EF9-4EF5-8B14-4656F3B58D88}.Release|Any CPU.ActiveCfg = Release|Any CPU
		{55617FB4-1EF9-4EF5-8B14-4656F3B58D88}.Release|Any CPU.Build.0 = Release|Any CPU
		{1FB1F830-2290-4660-9DBD-ACD7B8343771}.Debug|Any CPU.ActiveCfg = Debug|Any CPU
		{1FB1F830-2290-4660-9DBD-ACD7B8343771}.Debug|Any CPU.Build.0 = Debug|Any CPU
		{1FB1F830-2290-4660-9DBD-ACD7B8343771}.Release|Any CPU.ActiveCfg = Release|Any CPU
		{1FB1F830-2290-4660-9DBD-ACD7B8343771}.Release|Any CPU.Build.0 = Release|Any CPU
		{67989EB3-939C-40AF-A2FB-9B1C25532ED8}.Debug|Any CPU.ActiveCfg = Debug|Any CPU
		{67989EB3-939C-40AF-A2FB-9B1C25532ED8}.Debug|Any CPU.Build.0 = Debug|Any CPU
		{67989EB3-939C-40AF-A2FB-9B1C25532ED8}.Release|Any CPU.ActiveCfg = Release|Any CPU
		{67989EB3-939C-40AF-A2FB-9B1C25532ED8}.Release|Any CPU.Build.0 = Release|Any CPU
		{7EDA3857-A654-4DB0-9384-F4C2B7D24741}.Debug|Any CPU.ActiveCfg = Debug|Any CPU
		{7EDA3857-A654-4DB0-9384-F4C2B7D24741}.Debug|Any CPU.Build.0 = Debug|Any CPU
		{7EDA3857-A654-4DB0-9384-F4C2B7D24741}.Release|Any CPU.ActiveCfg = Release|Any CPU
		{7EDA3857-A654-4DB0-9384-F4C2B7D24741}.Release|Any CPU.Build.0 = Release|Any CPU
		{03D09C19-F00B-4BEE-B7DE-D5F55EBF5002}.Debug|Any CPU.ActiveCfg = Debug|Any CPU
		{03D09C19-F00B-4BEE-B7DE-D5F55EBF5002}.Debug|Any CPU.Build.0 = Debug|Any CPU
		{03D09C19-F00B-4BEE-B7DE-D5F55EBF5002}.Release|Any CPU.ActiveCfg = Release|Any CPU
		{03D09C19-F00B-4BEE-B7DE-D5F55EBF5002}.Release|Any CPU.Build.0 = Release|Any CPU
		{F749E13A-F694-4989-B7D3-3915A35DE84E}.Debug|Any CPU.ActiveCfg = Debug|Any CPU
		{F749E13A-F694-4989-B7D3-3915A35DE84E}.Debug|Any CPU.Build.0 = Debug|Any CPU
		{F749E13A-F694-4989-B7D3-3915A35DE84E}.Release|Any CPU.ActiveCfg = Release|Any CPU
		{F749E13A-F694-4989-B7D3-3915A35DE84E}.Release|Any CPU.Build.0 = Release|Any CPU
		{45D618DF-9D2B-4661-93A9-92A5928CC860}.Debug|Any CPU.ActiveCfg = Debug|Any CPU
		{45D618DF-9D2B-4661-93A9-92A5928CC860}.Debug|Any CPU.Build.0 = Debug|Any CPU
		{45D618DF-9D2B-4661-93A9-92A5928CC860}.Release|Any CPU.ActiveCfg = Release|Any CPU
		{45D618DF-9D2B-4661-93A9-92A5928CC860}.Release|Any CPU.Build.0 = Release|Any CPU
		{8893BD69-094F-47DB-AD96-8D757D9DD5C9}.Debug|Any CPU.ActiveCfg = Debug|Any CPU
		{8893BD69-094F-47DB-AD96-8D757D9DD5C9}.Debug|Any CPU.Build.0 = Debug|Any CPU
		{8893BD69-094F-47DB-AD96-8D757D9DD5C9}.Release|Any CPU.ActiveCfg = Release|Any CPU
		{8893BD69-094F-47DB-AD96-8D757D9DD5C9}.Release|Any CPU.Build.0 = Release|Any CPU
	EndGlobalSection
	GlobalSection(SolutionProperties) = preSolution
		HideSolutionNode = FALSE
	EndGlobalSection
	GlobalSection(NestedProjects) = preSolution
		{82DC27B9-2462-4051-AC64-064DFFB1B966} = {EBD0BA32-40F8-43D8-9165-F5FDD8AC9A64}
		{EB77CF71-E249-476A-A109-7154463CA7B9} = {EBD0BA32-40F8-43D8-9165-F5FDD8AC9A64}
		{45D618DF-9D2B-4661-93A9-92A5928CC860} = {FF03E159-5B46-4C08-9D69-A4AD36DE6913}
		{8893BD69-094F-47DB-AD96-8D757D9DD5C9} = {FF03E159-5B46-4C08-9D69-A4AD36DE6913}
	EndGlobalSection
	GlobalSection(ExtensibilityGlobals) = postSolution
		SolutionGuid = {DA613773-EAFC-4865-9D33-DB1450D00395}
	EndGlobalSection
EndGlobal
